
Microsoft Visual Studio Solution File, Format Version 12.00
# Visual Studio Version 16
VisualStudioVersion = 16.0.31702.278
MinimumVisualStudioVersion = 10.0.40219.1
Project("{FAE04EC0-301F-11D3-BF4B-00C04F79EFBC}") = "Lab3WpfApp", "Lab3WpfApp\Lab3WpfApp.csproj", "{1A2CF158-10A9-4573-BB66-1F5A6F7BABF4}"
EndProject
Global
	GlobalSection(SolutionConfigurationPlatforms) = preSolution
		Debug|Any CPU = Debug|Any CPU
		Release|Any CPU = Release|Any CPU
	EndGlobalSection
	GlobalSection(ProjectConfigurationPlatforms) = postSolution
		{1A2CF158-10A9-4573-BB66-1F5A6F7BABF4}.Debug|Any CPU.ActiveCfg = Debug|Any CPU
		{1A2CF158-10A9-4573-BB66-1F5A6F7BABF4}.Debug|Any CPU.Build.0 = Debug|Any CPU
		{1A2CF158-10A9-4573-BB66-1F5A6F7BABF4}.Release|Any CPU.ActiveCfg = Release|Any CPU
		{1A2CF158-10A9-4573-BB66-1F5A6F7BABF4}.Release|Any CPU.Build.0 = Release|Any CPU
	EndGlobalSection
	GlobalSection(SolutionProperties) = preSolution
		HideSolutionNode = FALSE
	EndGlobalSection
	GlobalSection(ExtensibilityGlobals) = postSolution
		SolutionGuid = {7E68FC56-F822-48DC-BD6C-3B05A60AB704}
	EndGlobalSection
EndGlobal
